Microsoft Visual Studio Solution File, Format Version 12.00
# Visual Studio Version 17
VisualStudioVersion = 17.0.31903.59
MinimumVisualStudioVersion = 10.0.40219.1
Project("{FAE04EC0-301F-11D3-BF4B-00C04F79EFBC}") = "HiddenFromCaptureDemo", "HiddenFromCaptureDemo\HiddenFromCaptureDemo.csproj", "{1302B938-3FDE-446B-902C-194779A0E56D}"
EndProject
Project("{8BC9CEB8-8B4A-11D0-8D11-00A0C91BC942}") = "ProtectedSwapChain", "NativeDX\ProtectedSwapChain.vcxproj", "{9DAF708C-3F14-4D46-8138-8F24D8B2FC2D}"
EndProject
Global
	GlobalSection(SolutionConfigurationPlatforms) = preSolution
		Debug|x64 = Debug|x64
		Release|x64 = Release|x64
	EndGlobalSection
	GlobalSection(ProjectConfigurationPlatforms) = postSolution
		{1302B938-3FDE-446B-902C-194779A0E56D}.Debug|x64.ActiveCfg = Debug|x64
		{1302B938-3FDE-446B-902C-194779A0E56D}.Debug|x64.Build.0 = Debug|x64
		{1302B938-3FDE-446B-902C-194779A0E56D}.Release|x64.ActiveCfg = Release|x64
		{1302B938-3FDE-446B-902C-194779A0E56D}.Release|x64.Build.0 = Release|x64
		{9DAF708C-3F14-4D46-8138-8F24D8B2FC2D}.Debug|x64.ActiveCfg = Debug|x64
		{9DAF708C-3F14-4D46-8138-8F24D8B2FC2D}.Release|x64.ActiveCfg = Release|x64
	EndGlobalSection
	GlobalSection(SolutionProperties) = preSolution
		HideSolutionNode = FALSE
	EndGlobalSection
EndGlobal
